// !$*UTF8*$!
{
	archiveVersion = 1;
	classes = {
	};
	objectVersion = 51;
	objects = {

/* Begin PBXBuildFile section */
		43EFD450FE7CA0A02DBE1EEF /* Pods_NetworkModuleTests.framework in Frameworks */ = {isa = PBXBuildFile; fileRef = A0CBEB9632F502B6AF3BAFF1 /* Pods_NetworkModuleTests.framework */; };
		5366027A271F67C4005FD777 /* ApiListData.swift in Sources */ = {isa = PBXBuildFile; fileRef = 53660279271F67C4005FD777 /* ApiListData.swift */; };
		5366027E271F68B4005FD777 /* ApiTableViewCell.swift in Sources */ = {isa = PBXBuildFile; fileRef = 5366027C271F68B4005FD777 /* ApiTableViewCell.swift */; };
		5366027F271F68B4005FD777 /* ApiTableViewCell.xib in Resources */ = {isa = PBXBuildFile; fileRef = 5366027D271F68B4005FD777 /* ApiTableViewCell.xib */; };
		5389DDD22718441E004C367A /* ResponseSession.swift in Sources */ = {isa = PBXBuildFile; fileRef = 5389DDD12718441E004C367A /* ResponseSession.swift */; };
		5389DDD427184455004C367A /* ResponseBase.swift in Sources */ = {isa = PBXBuildFile; fileRef = 5389DDD327184455004C367A /* ResponseBase.swift */; };
		53A78E60271806E90055E8E5 /* AppDelegate.swift in Sources */ = {isa = PBXBuildFile; fileRef = 53A78E5F271806E90055E8E5 /* AppDelegate.swift */; };
		53A78E62271806E90055E8E5 /* SceneDelegate.swift in Sources */ = {isa = PBXBuildFile; fileRef = 53A78E61271806E90055E8E5 /* SceneDelegate.swift */; };
		53A78E64271806E90055E8E5 /* ViewController.swift in Sources */ = {isa = PBXBuildFile; fileRef = 53A78E63271806E90055E8E5 /* ViewController.swift */; };
		53A78E67271806E90055E8E5 /* Main.storyboard in Resources */ = {isa = PBXBuildFile; fileRef = 53A78E65271806E90055E8E5 /* Main.storyboard */; };
		53A78E69271806EB0055E8E5 /* Assets.xcassets in Resources */ = {isa = PBXBuildFile; fileRef = 53A78E68271806EB0055E8E5 /* Assets.xcassets */; };
		53A78E6C271806EB0055E8E5 /* LaunchScreen.storyboard in Resources */ = {isa = PBXBuildFile; fileRef = 53A78E6A271806EB0055E8E5 /* LaunchScreen.storyboard */; };
		53A78E77271806EB0055E8E5 /* NetworkModuleTests.swift in Sources */ = {isa = PBXBuildFile; fileRef = 53A78E76271806EB0055E8E5 /* NetworkModuleTests.swift */; };
		53A78E82271806EB0055E8E5 /* NetworkModuleUITests.swift in Sources */ = {isa = PBXBuildFile; fileRef = 53A78E81271806EB0055E8E5 /* NetworkModuleUITests.swift */; };
		53A78E92271810450055E8E5 /* APIRequest.swift in Sources */ = {isa = PBXBuildFile; fileRef = 53A78E91271810450055E8E5 /* APIRequest.swift */; };
		53A78E94271810A70055E8E5 /* APIs.swift in Sources */ = {isa = PBXBuildFile; fileRef = 53A78E93271810A70055E8E5 /* APIs.swift */; };
		53A78E97271812AB0055E8E5 /* Constants.swift in Sources */ = {isa = PBXBuildFile; fileRef = 53A78E96271812AB0055E8E5 /* Constants.swift */; };
		AEB5B05E9DFEE6960293E12F /* Pods_NetworkModule_NetworkModuleUITests.framework in Frameworks */ = {isa = PBXBuildFile; fileRef = 2F6D3812AF30B5DB355DBAB5 /* Pods_NetworkModule_NetworkModuleUITests.framework */; };
		D15B12529990D5922B471DE3 /* Pods_NetworkModule.framework in Frameworks */ = {isa = PBXBuildFile; fileRef = 2543758018BDD867AF2ABBE4 /* Pods_NetworkModule.framework */; };
/* End PBXBuildFile section */

/* Begin PBXContainerItemProxy section */
		53A78E73271806EB0055E8E5 /* PBXContainerItemProxy */ = {
			isa = PBXContainerItemProxy;
			containerPortal = 53A78E54271806E90055E8E5 /* Project object */;
			proxyType = 1;
			remoteGlobalIDString = 53A78E5B271806E90055E8E5;
			remoteInfo = NetworkModule;
		};
		53A78E7E271806EB0055E8E5 /* PBXContainerItemProxy */ = {
			isa = PBXContainerItemProxy;
			containerPortal = 53A78E54271806E90055E8E5 /* Project object */;
			proxyType = 1;
			remoteGlobalIDString = 53A78E5B271806E90055E8E5;
			remoteInfo = NetworkModule;
		};
/* End PBXContainerItemProxy section */

/* Begin PBXFileReference section */
		061789A0F9E4557B1CEF3653 /* Pods-NetworkModule.debug.xcconfig */ = {isa = PBXFileReference; includeInIndex = 1; lastKnownFileType = text.xcconfig; name = "Pods-NetworkModule.debug.xcconfig"; path = "Target Support Files/Pods-NetworkModule/Pods-NetworkModule.debug.xcconfig"; sourceTree = "<group>"; };
		2543758018BDD867AF2ABBE4 /* Pods_NetworkModule.framework */ = {isa = PBXFileReference; explicitFileType = wrapper.framework; includeInIndex = 0; path = Pods_NetworkModule.framework; sourceTree = BUILT_PRODUCTS_DIR; };
		2F6D3812AF30B5DB355DBAB5 /* Pods_NetworkModule_NetworkModuleUITests.framework */ = {isa = PBXFileReference; explicitFileType = wrapper.framework; includeInIndex = 0; path = Pods_NetworkModule_NetworkModuleUITests.framework; sourceTree = BUILT_PRODUCTS_DIR; };
		4EEE64D88556E08475FAC7AE /* Pods-NetworkModule.release.xcconfig */ = {isa = PBXFileReference; includeInIndex = 1; lastKnownFileType = text.xcconfig; name = "Pods-NetworkModule.release.xcconfig"; path = "Target Support Files/Pods-NetworkModule/Pods-NetworkModule.release.xcconfig"; sourceTree = "<group>"; };
		53660279271F67C4005FD777 /* ApiListData.swift */ = {isa = PBXFileReference; lastKnownFileType = sourcecode.swift; path = ApiListData.swift; sourceTree = "<group>"; };
		5366027C271F68B4005FD777 /* ApiTableViewCell.swift */ = {isa = PBXFileReference; lastKnownFileType = sourcecode.swift; path = ApiTableViewCell.swift; sourceTree = "<group>"; };
		5366027D271F68B4005FD777 /* ApiTableViewCell.xib */ = {isa = PBXFileReference; lastKnownFileType = file.xib; path = ApiTableViewCell.xib; sourceTree = "<group>"; };
		5389DDD12718441E004C367A /* ResponseSession.swift */ = {isa = PBXFileReference; lastKnownFileType = sourcecode.swift; path = ResponseSession.swift; sourceTree = "<group>"; };
		5389DDD327184455004C367A /* ResponseBase.swift */ = {isa = PBXFileReference; lastKnownFileType = sourcecode.swift; path = ResponseBase.swift; sourceTree = "<group>"; };
		53A78E5C271806E90055E8E5 /* NetworkModule.app */ = {isa = PBXFileReference; explicitFileType = wrapper.application; includeInIndex = 0; path = NetworkModule.app; sourceTree = BUILT_PRODUCTS_DIR; };
		53A78E5F271806E90055E8E5 /* AppDelegate.swift */ = {isa = PBXFileReference; lastKnownFileType = sourcecode.swift; path = AppDelegate.swift; sourceTree = "<group>"; };
		53A78E61271806E90055E8E5 /* SceneDelegate.swift */ = {isa = PBXFileReference; lastKnownFileType = sourcecode.swift; path = SceneDelegate.swift; sourceTree = "<group>"; };
		53A78E63271806E90055E8E5 /* ViewController.swift */ = {isa = PBXFileReference; lastKnownFileType = sourcecode.swift; path = ViewController.swift; sourceTree = "<group>"; };
		53A78E66271806E90055E8E5 /* Base */ = {isa = PBXFileReference; lastKnownFileType = file.storyboard; name = Base; path = Base.lproj/Main.storyboard; sourceTree = "<group>"; };
		53A78E68271806EB0055E8E5 /* Assets.xcassets */ = {isa = PBXFileReference; lastKnownFileType = folder.assetcatalog; path = Assets.xcassets; sourceTree = "<group>"; };
		53A78E6B271806EB0055E8E5 /* Base */ = {isa = PBXFileReference; lastKnownFileType = file.storyboard; name = Base; path = Base.lproj/LaunchScreen.storyboard; sourceTree = "<group>"; };
		53A78E6D271806EB0055E8E5 /* Info.plist */ = {isa = PBXFileReference; lastKnownFileType = text.plist.xml; path = Info.plist; sourceTree = "<group>"; };
		53A78E72271806EB0055E8E5 /* NetworkModuleTests.xctest */ = {isa = PBXFileReference; explicitFileType = wrapper.cfbundle; includeInIndex = 0; path = NetworkModuleTests.xctest; sourceTree = BUILT_PRODUCTS_DIR; };
		53A78E76271806EB0055E8E5 /* NetworkModuleTests.swift */ = {isa = PBXFileReference; lastKnownFileType = sourcecode.swift; path = NetworkModuleTests.swift; sourceTree = "<group>"; };
		53A78E78271806EB0055E8E5 /* Info.plist */ = {isa = PBXFileReference; lastKnownFileType = text.plist.xml; path = Info.plist; sourceTree = "<group>"; };
		53A78E7D271806EB0055E8E5 /* NetworkModuleUITests.xctest */ = {isa = PBXFileReference; explicitFileType = wrapper.cfbundle; includeInIndex = 0; path = NetworkModuleUITests.xctest; sourceTree = BUILT_PRODUCTS_DIR; };
		53A78E81271806EB0055E8E5 /* NetworkModuleUITests.swift */ = {isa = PBXFileReference; lastKnownFileType = sourcecode.swift; path = NetworkModuleUITests.swift; sourceTree = "<group>"; };
		53A78E83271806EB0055E8E5 /* Info.plist */ = {isa = PBXFileReference; lastKnownFileType = text.plist.xml; path = Info.plist; sourceTree = "<group>"; };
		53A78E91271810450055E8E5 /* APIRequest.swift */ = {isa = PBXFileReference; lastKnownFileType = sourcecode.swift; path = APIRequest.swift; sourceTree = "<group>"; };
		53A78E93271810A70055E8E5 /* APIs.swift */ = {isa = PBXFileReference; lastKnownFileType = sourcecode.swift; path = APIs.swift; sourceTree = "<group>"; };
		53A78E96271812AB0055E8E5 /* Constants.swift */ = {isa = PBXFileReference; lastKnownFileType = sourcecode.swift; path = Constants.swift; sourceTree = "<group>"; };
		6515B82B7756BB63DAD3DADB /* Pods-NetworkModule-NetworkModuleUITests.debug.xcconfig */ = {isa = PBXFileReference; includeInIndex = 1; lastKnownFileType = text.xcconfig; name = "Pods-NetworkModule-NetworkModuleUITests.debug.xcconfig"; path = "Target Support Files/Pods-NetworkModule-NetworkModuleUITests/Pods-NetworkModule-NetworkModuleUITests.debug.xcconfig"; sourceTree = "<group>"; };
		84F13749D99B429314F25098 /* Pods-NetworkModuleTests.release.xcconfig */ = {isa = PBXFileReference; includeInIndex = 1; lastKnownFileType = text.xcconfig; name = "Pods-NetworkModuleTests.release.xcconfig"; path = "Target Support Files/Pods-NetworkModuleTests/Pods-NetworkModuleTests.release.xcconfig"; sourceTree = "<group>"; };
		8E91DD30F81C79A18F5F5FA1 /* Pods-NetworkModule-NetworkModuleUITests.release.xcconfig */ = {isa = PBXFileReference; includeInIndex = 1; lastKnownFileType = text.xcconfig; name = "Pods-NetworkModule-NetworkModuleUITests.release.xcconfig"; path = "Target Support Files/Pods-NetworkModule-NetworkModuleUITests/Pods-NetworkModule-NetworkModuleUITests.release.xcconfig"; sourceTree = "<group>"; };
		A0CBEB9632F502B6AF3BAFF1 /* Pods_NetworkModuleTests.framework */ = {isa = PBXFileReference; explicitFileType = wrapper.framework; includeInIndex = 0; path = Pods_NetworkModuleTests.framework; sourceTree = BUILT_PRODUCTS_DIR; };
		AC5C1328878C719F6E69BC3F /* Pods-NetworkModuleTests.debug.xcconfig */ = {isa = PBXFileReference; includeInIndex = 1; lastKnownFileType = text.xcconfig; name = "Pods-NetworkModuleTests.debug.xcconfig"; path = "Target Support Files/Pods-NetworkModuleTests/Pods-NetworkModuleTests.debug.xcconfig"; sourceTree = "<group>"; };
/* End PBXFileReference section */

/* Begin PBXFrameworksBuildPhase section */
		53A78E59271806E90055E8E5 /* Frameworks */ = {
			isa = PBXFrameworksBuildPhase;
			buildActionMask = 2147483647;
			files = (
				D15B12529990D5922B471DE3 /* Pods_NetworkModule.framework in Frameworks */,
			);
			runOnlyForDeploymentPostprocessing = 0;
		};
		53A78E6F271806EB0055E8E5 /* Frameworks */ = {
			isa = PBXFrameworksBuildPhase;
			buildActionMask = 2147483647;
			files = (
				43EFD450FE7CA0A02DBE1EEF /* Pods_NetworkModuleTests.framework in Frameworks */,
			);
			runOnlyForDeploymentPostprocessing = 0;
		};
		53A78E7A271806EB0055E8E5 /* Frameworks */ = {
			isa = PBXFrameworksBuildPhase;
			buildActionMask = 2147483647;
			files = (
				AEB5B05E9DFEE6960293E12F /* Pods_NetworkModule_NetworkModuleUITests.framework in Frameworks */,
			);
			runOnlyForDeploymentPostprocessing = 0;
		};
/* End PBXFrameworksBuildPhase section */

/* Begin PBXGroup section */
		5366027B271F6874005FD777 /* UI */ = {
			isa = PBXGroup;
			children = (
				53660279271F67C4005FD777 /* ApiListData.swift */,
				5366027C271F68B4005FD777 /* ApiTableViewCell.swift */,
				5366027D271F68B4005FD777 /* ApiTableViewCell.xib */,
			);
			path = UI;
			sourceTree = "<group>";
		};
		5389DDD0271843D3004C367A /* Model */ = {
			isa = PBXGroup;
			children = (
				5389DDD327184455004C367A /* ResponseBase.swift */,
				5389DDD12718441E004C367A /* ResponseSession.swift */,
			);
			path = Model;
			sourceTree = "<group>";
		};
		53A78E53271806E90055E8E5 = {
			isa = PBXGroup;
			children = (
				53A78E5E271806E90055E8E5 /* NetworkModule */,
				53A78E75271806EB0055E8E5 /* NetworkModuleTests */,
				53A78E80271806EB0055E8E5 /* NetworkModuleUITests */,
				53A78E5D271806E90055E8E5 /* Products */,
				A5B4F880E14BFE2B7621EC3B /* Pods */,
				B0D6627C8C8ABD4BC948E0C0 /* Frameworks */,
			);
			sourceTree = "<group>";
		};
		53A78E5D271806E90055E8E5 /* Products */ = {
			isa = PBXGroup;
			children = (
				53A78E5C271806E90055E8E5 /* NetworkModule.app */,
				53A78E72271806EB0055E8E5 /* NetworkModuleTests.xctest */,
				53A78E7D271806EB0055E8E5 /* NetworkModuleUITests.xctest */,
			);
			name = Products;
			sourceTree = "<group>";
		};
		53A78E5E271806E90055E8E5 /* NetworkModule */ = {
			isa = PBXGroup;
			children = (
				53A78E8F271810110055E8E5 /* Network */,
				5366027B271F6874005FD777 /* UI */,
				53A78E5F271806E90055E8E5 /* AppDelegate.swift */,
				53A78E61271806E90055E8E5 /* SceneDelegate.swift */,
				53A78E63271806E90055E8E5 /* ViewController.swift */,
				53A78E65271806E90055E8E5 /* Main.storyboard */,
				53A78E68271806EB0055E8E5 /* Assets.xcassets */,
				53A78E6A271806EB0055E8E5 /* LaunchScreen.storyboard */,
				53A78E6D271806EB0055E8E5 /* Info.plist */,
			);
			path = NetworkModule;
			sourceTree = "<group>";
		};
		53A78E75271806EB0055E8E5 /* NetworkModuleTests */ = {
			isa = PBXGroup;
			children = (
				53A78E76271806EB0055E8E5 /* NetworkModuleTests.swift */,
				53A78E78271806EB0055E8E5 /* Info.plist */,
			);
			path = NetworkModuleTests;
			sourceTree = "<group>";
		};
		53A78E80271806EB0055E8E5 /* NetworkModuleUITests */ = {
			isa = PBXGroup;
			children = (
				53A78E81271806EB0055E8E5 /* NetworkModuleUITests.swift */,
				53A78E83271806EB0055E8E5 /* Info.plist */,
			);
			path = NetworkModuleUITests;
			sourceTree = "<group>";
		};
		53A78E8F271810110055E8E5 /* Network */ = {
			isa = PBXGroup;
			children = (
				53A78E952718128E0055E8E5 /* Consts */,
				5389DDD0271843D3004C367A /* Model */,
				53A78E90271810270055E8E5 /* Api */,
			);
			path = Network;
			sourceTree = "<group>";
		};
		53A78E90271810270055E8E5 /* Api */ = {
			isa = PBXGroup;
			children = (
				53A78E91271810450055E8E5 /* APIRequest.swift */,
				53A78E93271810A70055E8E5 /* APIs.swift */,
			);
			path = Api;
			sourceTree = "<group>";
		};
		53A78E952718128E0055E8E5 /* Consts */ = {
			isa = PBXGroup;
			children = (
				53A78E96271812AB0055E8E5 /* Constants.swift */,
			);
			path = Consts;
			sourceTree = "<group>";
		};
		A5B4F880E14BFE2B7621EC3B /* Pods */ = {
			isa = PBXGroup;
			children = (
				061789A0F9E4557B1CEF3653 /* Pods-NetworkModule.debug.xcconfig */,
				4EEE64D88556E08475FAC7AE /* Pods-NetworkModule.release.xcconfig */,
				6515B82B7756BB63DAD3DADB /* Pods-NetworkModule-NetworkModuleUITests.debug.xcconfig */,
				8E91DD30F81C79A18F5F5FA1 /* Pods-NetworkModule-NetworkModuleUITests.release.xcconfig */,
				AC5C1328878C719F6E69BC3F /* Pods-NetworkModuleTests.debug.xcconfig */,
				84F13749D99B429314F25098 /* Pods-NetworkModuleTests.release.xcconfig */,
			);
			path = Pods;
			sourceTree = "<group>";
		};
		B0D6627C8C8ABD4BC948E0C0 /* Frameworks */ = {
			isa = PBXGroup;
			children = (
				2543758018BDD867AF2ABBE4 /* Pods_NetworkModule.framework */,
				2F6D3812AF30B5DB355DBAB5 /* Pods_NetworkModule_NetworkModuleUITests.framework */,
				A0CBEB9632F502B6AF3BAFF1 /* Pods_NetworkModuleTests.framework */,
			);
			name = Frameworks;
			sourceTree = "<group>";
		};
/* End PBXGroup section */

/* Begin PBXNativeTarget section */
		53A78E5B271806E90055E8E5 /* NetworkModule */ = {
			isa = PBXNativeTarget;
			buildConfigurationList = 53A78E86271806EB0055E8E5 /* Build configuration list for PBXNativeTarget "NetworkModule" */;
			buildPhases = (
				AB41B6A2ACC9F26A53149181 /* [CP] Check Pods Manifest.lock */,
				53A78E58271806E90055E8E5 /* Sources */,
				53A78E59271806E90055E8E5 /* Frameworks */,
				53A78E5A271806E90055E8E5 /* Resources */,
				5CCB204257A03A8FFFC94608 /* [CP] Embed Pods Frameworks */,
			);
			buildRules = (
			);
			dependencies = (
			);
			name = NetworkModule;
			productName = NetworkModule;
			productReference = 53A78E5C271806E90055E8E5 /* NetworkModule.app */;
			productType = "com.apple.product-type.application";
		};
		53A78E71271806EB0055E8E5 /* NetworkModuleTests */ = {
			isa = PBXNativeTarget;
			buildConfigurationList = 53A78E89271806EB0055E8E5 /* Build configuration list for PBXNativeTarget "NetworkModuleTests" */;
			buildPhases = (
				5FBC5BA4DA5DA5374F3E4390 /* [CP] Check Pods Manifest.lock */,
				53A78E6E271806EB0055E8E5 /* Sources */,
				53A78E6F271806EB0055E8E5 /* Frameworks */,
				53A78E70271806EB0055E8E5 /* Resources */,
			);
			buildRules = (
			);
			dependencies = (
				53A78E74271806EB0055E8E5 /* PBXTargetDependency */,
			);
			name = NetworkModuleTests;
			productName = NetworkModuleTests;
			productReference = 53A78E72271806EB0055E8E5 /* NetworkModuleTests.xctest */;
			productType = "com.apple.product-type.bundle.unit-test";
		};
		53A78E7C271806EB0055E8E5 /* NetworkModuleUITests */ = {
			isa = PBXNativeTarget;
			buildConfigurationList = 53A78E8C271806EB0055E8E5 /* Build configuration list for PBXNativeTarget "NetworkModuleUITests" */;
			buildPhases = (
				1CA2D33E4735BFC1B6DA3193 /* [CP] Check Pods Manifest.lock */,
				53A78E79271806EB0055E8E5 /* Sources */,
				53A78E7A271806EB0055E8E5 /* Frameworks */,
				53A78E7B271806EB0055E8E5 /* Resources */,
				4E488BF873BA607665E620DB /* [CP] Embed Pods Frameworks */,
			);
			buildRules = (
			);
			dependencies = (
				53A78E7F271806EB0055E8E5 /* PBXTargetDependency */,
			);
			name = NetworkModuleUITests;
			productName = NetworkModuleUITests;
			productReference = 53A78E7D271806EB0055E8E5 /* NetworkModuleUITests.xctest */;
			productType = "com.apple.product-type.bundle.ui-testing";
		};
/* End PBXNativeTarget section */

/* Begin PBXProject section */
		53A78E54271806E90055E8E5 /* Project object */ = {
			isa = PBXProject;
			attributes = {
				LastSwiftUpdateCheck = 1250;
				LastUpgradeCheck = 1250;
				TargetAttributes = {
					53A78E5B271806E90055E8E5 = {
						CreatedOnToolsVersion = 12.5.1;
					};
					53A78E71271806EB0055E8E5 = {
						CreatedOnToolsVersion = 12.5.1;
						TestTargetID = 53A78E5B271806E90055E8E5;
					};
					53A78E7C271806EB0055E8E5 = {
						CreatedOnToolsVersion = 12.5.1;
						TestTargetID = 53A78E5B271806E90055E8E5;
					};
				};
			};
			buildConfigurationList = 53A78E57271806E90055E8E5 /* Build configuration list for PBXProject "NetworkModule" */;
			compatibilityVersion = "Xcode 9.3";
			developmentRegion = en;
			hasScannedForEncodings = 0;
			knownRegions = (
				en,
				Base,
			);
			mainGroup = 53A78E53271806E90055E8E5;
			productRefGroup = 53A78E5D271806E90055E8E5 /* Products */;
			projectDirPath = "";
			projectRoot = "";
			targets = (
				53A78E5B271806E90055E8E5 /* NetworkModule */,
				53A78E71271806EB0055E8E5 /* NetworkModuleTests */,
				53A78E7C271806EB0055E8E5 /* NetworkModuleUITests */,
			);
		};
/* End PBXProject section */

/* Begin PBXResourcesBuildPhase section */
		53A78E5A271806E90055E8E5 /* Resources */ = {
			isa = PBXResourcesBuildPhase;
			buildActionMask = 2147483647;
			files = (
				53A78E6C271806EB0055E8E5 /* LaunchScreen.storyboard in Resources */,
				53A78E69271806EB0055E8E5 /* Assets.xcassets in Resources */,
				5366027F271F68B4005FD777 /* ApiTableViewCell.xib in Resources */,
				53A78E67271806E90055E8E5 /* Main.storyboard in Resources */,
			);
			runOnlyForDeploymentPostprocessing = 0;
		};
		53A78E70271806EB0055E8E5 /* Resources */ = {
			isa = PBXResourcesBuildPhase;
			buildActionMask = 2147483647;
			files = (
			);
			runOnlyForDeploymentPostprocessing = 0;
		};
		53A78E7B271806EB0055E8E5 /* Resources */ = {
			isa = PBXResourcesBuildPhase;
			buildActionMask = 2147483647;
			files = (
			);
			runOnlyForDeploymentPostprocessing = 0;
		};
/* End PBXResourcesBuildPhase section */

/* Begin PBXShellScriptBuildPhase section */
		1CA2D33E4735BFC1B6DA3193 /* [CP] Check Pods Manifest.lock */ = {
			isa = PBXShellScriptBuildPhase;
			buildActionMask = 2147483647;
			files = (
			);
			inputFileListPaths = (
			);
			inputPaths = (
				"${PODS_PODFILE_DIR_PATH}/Podfile.lock",
				"${PODS_ROOT}/Manifest.lock",
			);
			name = "[CP] Check Pods Manifest.lock";
			outputFileListPaths = (
			);
			outputPaths = (
				"$(DERIVED_FILE_DIR)/Pods-NetworkModule-NetworkModuleUITests-checkManifestLockResult.txt",
			);
			runOnlyForDeploymentPostprocessing = 0;
			shellPath = /bin/sh;
			shellScript = "diff \"${PODS_PODFILE_DIR_PATH}/Podfile.lock\" \"${PODS_ROOT}/Manifest.lock\" > /dev/null\nif [ $? != 0 ] ; then\n    # print error to STDERR\n    echo \"error: The sandbox is not in sync with the Podfile.lock. Run 'pod install' or update your CocoaPods installation.\" >&2\n    exit 1\nfi\n# This output is used by Xcode 'outputs' to avoid re-running this script phase.\necho \"SUCCESS\" > \"${SCRIPT_OUTPUT_FILE_0}\"\n";
			showEnvVarsInLog = 0;
		};
		4E488BF873BA607665E620DB /* [CP] Embed Pods Frameworks */ = {
			isa = PBXShellScriptBuildPhase;
			buildActionMask = 2147483647;
			files = (
			);
			inputFileListPaths = (
				"${PODS_ROOT}/Target Support Files/Pods-NetworkModule-NetworkModuleUITests/Pods-NetworkModule-NetworkModuleUITests-frameworks-${CONFIGURATION}-input-files.xcfilelist",
			);
			name = "[CP] Embed Pods Frameworks";
			outputFileListPaths = (
				"${PODS_ROOT}/Target Support Files/Pods-NetworkModule-NetworkModuleUITests/Pods-NetworkModule-NetworkModuleUITests-frameworks-${CONFIGURATION}-output-files.xcfilelist",
			);
			runOnlyForDeploymentPostprocessing = 0;
			shellPath = /bin/sh;
			shellScript = "\"${PODS_ROOT}/Target Support Files/Pods-NetworkModule-NetworkModuleUITests/Pods-NetworkModule-NetworkModuleUITests-frameworks.sh\"\n";
			showEnvVarsInLog = 0;
		};
		5CCB204257A03A8FFFC94608 /* [CP] Embed Pods Frameworks */ = {
			isa = PBXShellScriptBuildPhase;
			buildActionMask = 2147483647;
			files = (
			);
			inputFileListPaths = (
				"${PODS_ROOT}/Target Support Files/Pods-NetworkModule/Pods-NetworkModule-frameworks-${CONFIGURATION}-input-files.xcfilelist",
			);
			name = "[CP] Embed Pods Frameworks";
			outputFileListPaths = (
				"${PODS_ROOT}/Target Support Files/Pods-NetworkModule/Pods-NetworkModule-frameworks-${CONFIGURATION}-output-files.xcfilelist",
			);
			runOnlyForDeploymentPostprocessing = 0;
			shellPath = /bin/sh;
			shellScript = "\"${PODS_ROOT}/Target Support Files/Pods-NetworkModule/Pods-NetworkModule-frameworks.sh\"\n";
			showEnvVarsInLog = 0;
		};
		5FBC5BA4DA5DA5374F3E4390 /* [CP] Check Pods Manifest.lock */ = {
			isa = PBXShellScriptBuildPhase;
			buildActionMask = 2147483647;
			files = (
			);
			inputFileListPaths = (
			);
			inputPaths = (
				"${PODS_PODFILE_DIR_PATH}/Podfile.lock",
				"${PODS_ROOT}/Manifest.lock",
			);
			name = "[CP] Check Pods Manifest.lock";
			outputFileListPaths = (
			);
			outputPaths = (
				"$(DERIVED_FILE_DIR)/Pods-NetworkModuleTests-checkManifestLockResult.txt",
			);
			runOnlyForDeploymentPostprocessing = 0;
			shellPath = /bin/sh;
			shellScript = "diff \"${PODS_PODFILE_DIR_PATH}/Podfile.lock\" \"${PODS_ROOT}/Manifest.lock\" > /dev/null\nif [ $? != 0 ] ; then\n    # print error to STDERR\n    echo \"error: The sandbox is not in sync with the Podfile.lock. Run 'pod install' or update your CocoaPods installation.\" >&2\n    exit 1\nfi\n# This output is used by Xcode 'outputs' to avoid re-running this script phase.\necho \"SUCCESS\" > \"${SCRIPT_OUTPUT_FILE_0}\"\n";
			showEnvVarsInLog = 0;
		};
		AB41B6A2ACC9F26A53149181 /* [CP] Check Pods Manifest.lock */ = {
			isa = PBXShellScriptBuildPhase;
			buildActionMask = 2147483647;
			files = (
			);
			inputFileListPaths = (
			);
			inputPaths = (
				"${PODS_PODFILE_DIR_PATH}/Podfile.lock",
				"${PODS_ROOT}/Manifest.lock",
			);
			name = "[CP] Check Pods Manifest.lock";
			outputFileListPaths = (
			);
			outputPaths = (
				"$(DERIVED_FILE_DIR)/Pods-NetworkModule-checkManifestLockResult.txt",
			);
			runOnlyForDeploymentPostprocessing = 0;
			shellPath = /bin/sh;
			shellScript = "diff \"${PODS_PODFILE_DIR_PATH}/Podfile.lock\" \"${PODS_ROOT}/Manifest.lock\" > /dev/null\nif [ $? != 0 ] ; then\n    # print error to STDERR\n    echo \"error: The sandbox is not in sync with the Podfile.lock. Run 'pod install' or update your CocoaPods installation.\" >&2\n    exit 1\nfi\n# This output is used by Xcode 'outputs' to avoid re-running this script phase.\necho \"SUCCESS\" > \"${SCRIPT_OUTPUT_FILE_0}\"\n";
			showEnvVarsInLog = 0;
		};
/* End PBXShellScriptBuildPhase section */

/* Begin PBXSourcesBuildPhase section */
		53A78E58271806E90055E8E5 /* Sources */ = {
			isa = PBXSourcesBuildPhase;
			buildActionMask = 2147483647;
			files = (
				53A78E64271806E90055E8E5 /* ViewController.swift in Sources */,
				53A78E60271806E90055E8E5 /* AppDelegate.swift in Sources */,
				53A78E92271810450055E8E5 /* APIRequest.swift in Sources */,
				5366027A271F67C4005FD777 /* ApiListData.swift in Sources */,
				53A78E94271810A70055E8E5 /* APIs.swift in Sources */,
				53A78E62271806E90055E8E5 /* SceneDelegate.swift in Sources */,
				53A78E97271812AB0055E8E5 /* Constants.swift in Sources */,
				5389DDD22718441E004C367A /* ResponseSession.swift in Sources */,
				5366027E271F68B4005FD777 /* ApiTableViewCell.swift in Sources */,
				5389DDD427184455004C367A /* ResponseBase.swift in Sources */,
			);
			runOnlyForDeploymentPostprocessing = 0;
		};
		53A78E6E271806EB0055E8E5 /* Sources */ = {
			isa = PBXSourcesBuildPhase;
			buildActionMask = 2147483647;
			files = (
				53A78E77271806EB0055E8E5 /* NetworkModuleTests.swift in Sources */,
			);
			runOnlyForDeploymentPostprocessing = 0;
		};
		53A78E79271806EB0055E8E5 /* Sources */ = {
			isa = PBXSourcesBuildPhase;
			buildActionMask = 2147483647;
			files = (
				53A78E82271806EB0055E8E5 /* NetworkModuleUITests.swift in Sources */,
			);
			runOnlyForDeploymentPostprocessing = 0;
		};
/* End PBXSourcesBuildPhase section */

/* Begin PBXTargetDependency section */
		53A78E74271806EB0055E8E5 /* PBXTargetDependency */ = {
			isa = PBXTargetDependency;
			target = 53A78E5B271806E90055E8E5 /* NetworkModule */;
			targetProxy = 53A78E73271806EB0055E8E5 /* PBXContainerItemProxy */;
		};
		53A78E7F271806EB0055E8E5 /* PBXTargetDependency */ = {
			isa = PBXTargetDependency;
			target = 53A78E5B271806E90055E8E5 /* NetworkModule */;
			targetProxy = 53A78E7E271806EB0055E8E5 /* PBXContainerItemProxy */;
		};
/* End PBXTargetDependency section */

/* Begin PBXVariantGroup section */
		53A78E65271806E90055E8E5 /* Main.storyboard */ = {
			isa = PBXVariantGroup;
			children = (
				53A78E66271806E90055E8E5 /* Base */,
			);
			name = Main.storyboard;
			sourceTree = "<group>";
		};
		53A78E6A271806EB0055E8E5 /* LaunchScreen.storyboard */ = {
			isa = PBXVariantGroup;
			children = (
				53A78E6B271806EB0055E8E5 /* Base */,
			);
			name = LaunchScreen.storyboard;
			sourceTree = "<group>";
		};
/* End PBXVariantGroup section */

/* Begin XCBuildConfiguration section */
		53A78E84271806EB0055E8E5 /* Debug */ = {
			isa = XCBuildConfiguration;
			buildSettings = {
				ALWAYS_SEARCH_USER_PATHS = NO;
				CLANG_ANALYZER_NONNULL = YES;
				CLANG_ANALYZER_NUMBER_OBJECT_CONVERSION = YES_AGGRESSIVE;
				CLANG_CXX_LANGUAGE_STANDARD = "gnu++14";
				CLANG_CXX_LIBRARY = "libc++";
				CLANG_ENABLE_MODULES = YES;
				CLANG_ENABLE_OBJC_ARC = YES;
				CLANG_ENABLE_OBJC_WEAK = YES;
				CLANG_WARN_BLOCK_CAPTURE_AUTORELEASING = YES;
				CLANG_WARN_BOOL_CONVERSION = YES;
				CLANG_WARN_COMMA = YES;
				CLANG_WARN_CONSTANT_CONVERSION = YES;
				CLANG_WARN_DEPRECATED_OBJC_IMPLEMENTATIONS = YES;
				CLANG_WARN_DIRECT_OBJC_ISA_USAGE = YES_ERROR;
				CLANG_WARN_DOCUMENTATION_COMMENTS = YES;
				CLANG_WARN_EMPTY_BODY = YES;
				CLANG_WARN_ENUM_CONVERSION = YES;
				CLANG_WARN_INFINITE_RECURSION = YES;
				CLANG_WARN_INT_CONVERSION = YES;
				CLANG_WARN_NON_LITERAL_NULL_CONVERSION = YES;
				CLANG_WARN_OBJC_IMPLICIT_RETAIN_SELF = YES;
				CLANG_WARN_OBJC_LITERAL_CONVERSION = YES;
				CLANG_WARN_OBJC_ROOT_CLASS = YES_ERROR;
				CLANG_WARN_QUOTED_INCLUDE_IN_FRAMEWORK_HEADER = YES;
				CLANG_WARN_RANGE_LOOP_ANALYSIS = YES;
				CLANG_WARN_STRICT_PROTOTYPES = YES;
				CLANG_WARN_SUSPICIOUS_MOVE = YES;
				CLANG_WARN_UNGUARDED_AVAILABILITY = YES_AGGRESSIVE;
				CLANG_WARN_UNREACHABLE_CODE = YES;
				CLANG_WARN__DUPLICATE_METHOD_MATCH = YES;
				COPY_PHASE_STRIP = NO;
				DEBUG_INFORMATION_FORMAT = dwarf;
				ENABLE_STRICT_OBJC_MSGSEND = YES;
				ENABLE_TESTABILITY = YES;
				GCC_C_LANGUAGE_STANDARD = gnu11;
				GCC_DYNAMIC_NO_PIC = NO;
				GCC_NO_COMMON_BLOCKS = YES;
				GCC_OPTIMIZATION_LEVEL = 0;
				GCC_PREPROCESSOR_DEFINITIONS = (
					"DEBUG=1",
					"$(inherited)",
				);
				GCC_WARN_64_TO_32_BIT_CONVERSION = YES;
				GCC_WARN_ABOUT_RETURN_TYPE = YES_ERROR;
				GCC_WARN_UNDECLARED_SELECTOR = YES;
				GCC_WARN_UNINITIALIZED_AUTOS = YES_AGGRESSIVE;
				GCC_WARN_UNUSED_FUNCTION = YES;
				GCC_WARN_UNUSED_VARIABLE = YES;
				IPHONEOS_DEPLOYMENT_TARGET = 14.5;
				MTL_ENABLE_DEBUG_INFO = INCLUDE_SOURCE;
				MTL_FAST_MATH = YES;
				ONLY_ACTIVE_ARCH = YES;
				SDKROOT = iphoneos;
				SWIFT_ACTIVE_COMPILATION_CONDITIONS = DEBUG;
				SWIFT_OPTIMIZATION_LEVEL = "-Onone";
			};
			name = Debug;
		};
		53A78E85271806EB0055E8E5 /* Release */ = {
			isa = XCBuildConfiguration;
			buildSettings = {
				ALWAYS_SEARCH_USER_PATHS = NO;
				CLANG_ANALYZER_NONNULL = YES;
				CLANG_ANALYZER_NUMBER_OBJECT_CONVERSION = YES_AGGRESSIVE;
				CLANG_CXX_LANGUAGE_STANDARD = "gnu++14";
				CLANG_CXX_LIBRARY = "libc++";
				CLANG_ENABLE_MODULES = YES;
				CLANG_ENABLE_OBJC_ARC = YES;
				CLANG_ENABLE_OBJC_WEAK = YES;
				CLANG_WARN_BLOCK_CAPTURE_AUTORELEASING = YES;
				CLANG_WARN_BOOL_CONVERSION = YES;
				CLANG_WARN_COMMA = YES;
				CLANG_WARN_CONSTANT_CONVERSION = YES;
				CLANG_WARN_DEPRECATED_OBJC_IMPLEMENTATIONS = YES;
				CLANG_WARN_DIRECT_OBJC_ISA_USAGE = YES_ERROR;
				CLANG_WARN_DOCUMENTATION_COMMENTS = YES;
				CLANG_WARN_EMPTY_BODY = YES;
				CLANG_WARN_ENUM_CONVERSION = YES;
				CLANG_WARN_INFINITE_RECURSION = YES;
				CLANG_WARN_INT_CONVERSION = YES;
				CLANG_WARN_NON_LITERAL_NULL_CONVERSION = YES;
				CLANG_WARN_OBJC_IMPLICIT_RETAIN_SELF = YES;
				CLANG_WARN_OBJC_LITERAL_CONVERSION = YES;
				CLANG_WARN_OBJC_ROOT_CLASS = YES_ERROR;
				CLANG_WARN_QUOTED_INCLUDE_IN_FRAMEWORK_HEADER = YES;
				CLANG_WARN_RANGE_LOOP_ANALYSIS = YES;
				CLANG_WARN_STRICT_PROTOTYPES = YES;
				CLANG_WARN_SUSPICIOUS_MOVE = YES;
				CLANG_WARN_UNGUARDED_AVAILABILITY = YES_AGGRESSIVE;
				CLANG_WARN_UNREACHABLE_CODE = YES;
				CLANG_WARN__DUPLICATE_METHOD_MATCH = YES;
				COPY_PHASE_STRIP = NO;
				DEBUG_INFORMATION_FORMAT = "dwarf-with-dsym";
				ENABLE_NS_ASSERTIONS = NO;
				ENABLE_STRICT_OBJC_MSGSEND = YES;
				GCC_C_LANGUAGE_STANDARD = gnu11;
				GCC_NO_COMMON_BLOCKS = YES;
				GCC_WARN_64_TO_32_BIT_CONVERSION = YES;
				GCC_WARN_ABOUT_RETURN_TYPE = YES_ERROR;
				GCC_WARN_UNDECLARED_SELECTOR = YES;
				GCC_WARN_UNINITIALIZED_AUTOS = YES_AGGRESSIVE;
				GCC_WARN_UNUSED_FUNCTION = YES;
				GCC_WARN_UNUSED_VARIABLE = YES;
				IPHONEOS_DEPLOYMENT_TARGET = 14.5;
				MTL_ENABLE_DEBUG_INFO = NO;
				MTL_FAST_MATH = YES;
				SDKROOT = iphoneos;
				SWIFT_COMPILATION_MODE = wholemodule;
				SWIFT_OPTIMIZATION_LEVEL = "-O";
				VALIDATE_PRODUCT = YES;
			};
			name = Release;
		};
		53A78E87271806EB0055E8E5 /* Debug */ = {
			isa = XCBuildConfiguration;
			baseConfigurationReference = 061789A0F9E4557B1CEF3653 /* Pods-NetworkModule.debug.xcconfig */;
			buildSettings = {
				ASSETCATALOG_COMPILER_APPICON_NAME = AppIcon;
				ASSETCATALOG_COMPILER_GLOBAL_ACCENT_COLOR_NAME = AccentColor;
				CODE_SIGN_STYLE = Automatic;
				INFOPLIST_FILE = NetworkModule/Info.plist;
				LD_RUNPATH_SEARCH_PATHS = (
					"$(inherited)",
					"@executable_path/Frameworks",
				);
				PRODUCT_BUNDLE_IDENTIFIER = com.shyook.NetworkModule;
				PRODUCT_NAME = "$(TARGET_NAME)";
				SWIFT_VERSION = 5.0;
				TARGETED_DEVICE_FAMILY = "1,2";
			};
			name = Debug;
		};
		53A78E88271806EB0055E8E5 /* Release */ = {
			isa = XCBuildConfiguration;
			baseConfigurationReference = 4EEE64D88556E08475FAC7AE /* Pods-NetworkModule.release.xcconfig */;
			buildSettings = {
				ASSETCATALOG_COMPILER_APPICON_NAME = AppIcon;
				ASSETCATALOG_COMPILER_GLOBAL_ACCENT_COLOR_NAME = AccentColor;
				CODE_SIGN_STYLE = Automatic;
				INFOPLIST_FILE = NetworkModule/Info.plist;
				LD_RUNPATH_SEARCH_PATHS = (
					"$(inherited)",
					"@executable_path/Frameworks",
				);
				PRODUCT_BUNDLE_IDENTIFIER = com.shyook.NetworkModule;
				PRODUCT_NAME = "$(TARGET_NAME)";
				SWIFT_VERSION = 5.0;
				TARGETED_DEVICE_FAMILY = "1,2";
			};
			name = Release;
		};
		53A78E8A271806EB0055E8E5 /* Debug */ = {
			isa = XCBuildConfiguration;
			baseConfigurationReference = AC5C1328878C719F6E69BC3F /* Pods-NetworkModuleTests.debug.xcconfig */;
			buildSettings = {
				ALWAYS_EMBED_SWIFT_STANDARD_LIBRARIES = YES;
				BUNDLE_LOADER = "$(TEST_HOST)";
				CODE_SIGN_STYLE = Automatic;
				INFOPLIST_FILE = NetworkModuleTests/Info.plist;
				IPHONEOS_DEPLOYMENT_TARGET = 14.5;
				LD_RUNPATH_SEARCH_PATHS = (
					"$(inherited)",
					"@executable_path/Frameworks",
					"@loader_path/Frameworks",
				);
				PRODUCT_BUNDLE_IDENTIFIER = com.shyook.NetworkModuleTests;
				PRODUCT_NAME = "$(TARGET_NAME)";
				SWIFT_VERSION = 5.0;
				TARGETED_DEVICE_FAMILY = "1,2";
				TEST_HOST = "$(BUILT_PRODUCTS_DIR)/NetworkModule.app/NetworkModule";
			};
			name = Debug;
		};
		53A78E8B271806EB0055E8E5 /* Release */ = {
			isa = XCBuildConfiguration;
			baseConfigurationReference = 84F13749D99B429314F25098 /* Pods-NetworkModuleTests.release.xcconfig */;
			buildSettings = {
				ALWAYS_EMBED_SWIFT_STANDARD_LIBRARIES = YES;
				BUNDLE_LOADER = "$(TEST_HOST)";
				CODE_SIGN_STYLE = Automatic;
				INFOPLIST_FILE = NetworkModuleTests/Info.plist;
				IPHONEOS_DEPLOYMENT_TARGET = 14.5;
				LD_RUNPATH_SEARCH_PATHS = (
					"$(inherited)",
					"@executable_path/Frameworks",
					"@loader_path/Frameworks",
				);
				PRODUCT_BUNDLE_IDENTIFIER = com.shyook.NetworkModuleTests;
				PRODUCT_NAME = "$(TARGET_NAME)";
				SWIFT_VERSION = 5.0;
				TARGETED_DEVICE_FAMILY = "1,2";
				TEST_HOST = "$(BUILT_PRODUCTS_DIR)/NetworkModule.app/NetworkModule";
			};
			name = Release;
		};
		53A78E8D271806EB0055E8E5 /* Debug */ = {
			isa = XCBuildConfiguration;
			baseConfigurationReference = 6515B82B7756BB63DAD3DADB /* Pods-NetworkModule-NetworkModuleUITests.debug.xcconfig */;
			buildSettings = {
				ALWAYS_EMBED_SWIFT_STANDARD_LIBRARIES = YES;
				CODE_SIGN_STYLE = Automatic;
				INFOPLIST_FILE = NetworkModuleUITests/Info.plist;
				LD_RUNPATH_SEARCH_PATHS = (
					"$(inherited)",
					"@executable_path/Frameworks",
					"@loader_path/Frameworks",
				);
				PRODUCT_BUNDLE_IDENTIFIER = com.shyook.NetworkModuleUITests;
				PRODUCT_NAME = "$(TARGET_NAME)";
				SWIFT_VERSION = 5.0;
				TARGETED_DEVICE_FAMILY = "1,2";
				TEST_TARGET_NAME = NetworkModule;
			};
			name = Debug;
		};
		53A78E8E271806EB0055E8E5 /* Release */ = {
			isa = XCBuildConfiguration;
			baseConfigurationReference = 8E91DD30F81C79A18F5F5FA1 /* Pods-NetworkModule-NetworkModuleUITests.release.xcconfig */;
			buildSettings = {
				ALWAYS_EMBED_SWIFT_STANDARD_LIBRARIES = YES;
				CODE_SIGN_STYLE = Automatic;
				INFOPLIST_FILE = NetworkModuleUITests/Info.plist;
				LD_RUNPATH_SEARCH_PATHS = (
					"$(inherited)",
					"@executable_path/Frameworks",
					"@loader_path/Frameworks",
				);
				PRODUCT_BUNDLE_IDENTIFIER = com.shyook.NetworkModuleUITests;
				PRODUCT_NAME = "$(TARGET_NAME)";
				SWIFT_VERSION = 5.0;
				TARGETED_DEVICE_FAMILY = "1,2";
				TEST_TARGET_NAME = NetworkModule;
			};
			name = Release;
		};
/* End XCBuildConfiguration section */

/* Begin XCConfigurationList section */
		53A78E57271806E90055E8E5 /* Build configuration list for PBXProject "NetworkModule" */ = {
			isa = XCConfigurationList;
			buildConfigurations = (
				53A78E84271806EB0055E8E5 /* Debug */,
				53A78E85271806EB0055E8E5 /* Release */,
			);
			defaultConfigurationIsVisible = 0;
			defaultConfigurationName = Release;
		};
		53A78E86271806EB0055E8E5 /* Build configuration list for PBXNativeTarget "NetworkModule" */ = {
			isa = XCConfigurationList;
			buildConfigurations = (
				53A78E87271806EB0055E8E5 /* Debug */,
				53A78E88271806EB0055E8E5 /* Release */,
			);
			defaultConfigurationIsVisible = 0;
			defaultConfigurationName = Release;
		};
		53A78E89271806EB0055E8E5 /* Build configuration list for PBXNativeTarget "NetworkModuleTests" */ = {
			isa = XCConfigurationList;
			buildConfigurations = (
				53A78E8A271806EB0055E8E5 /* Debug */,
				53A78E8B271806EB0055E8E5 /* Release */,
			);
			defaultConfigurationIsVisible = 0;
			defaultConfigurationName = Release;
		};
		53A78E8C271806EB0055E8E5 /* Build configuration list for PBXNativeTarget "NetworkModuleUITests" */ = {
			isa = XCConfigurationList;
			buildConfigurations = (
				53A78E8D271806EB0055E8E5 /* Debug */,
				53A78E8E271806EB0055E8E5 /* Release */,
			);
			defaultConfigurationIsVisible = 0;
			defaultConfigurationName = Release;
		};
/* End XCConfigurationList section */
	};
	rootObject = 53A78E54271806E90055E8E5 /* Project object */;
}
